
Microsoft Visual Studio Solution File, Format Version 12.00
# Visual Studio 15
VisualStudioVersion = 15.0.27428.2015
MinimumVisualStudioVersion = 10.0.40219.1
Project("{FAE04EC0-301F-11D3-BF4B-00C04F79EFBC}") = "U盘小偷", "U盘小偷\U盘小偷.csproj", "{268D0603-5A07-4DBC-8AD4-BF0778336854}"
EndProject
Global
	GlobalSection(SolutionConfigurationPlatforms) = preSolution
		Debug|Any CPU = Debug|Any CPU
		Release|Any CPU = Release|Any CPU
	EndGlobalSection
	GlobalSection(ProjectConfigurationPlatforms) = postSolution
		{268D0603-5A07-4DBC-8AD4-BF0778336854}.Debug|Any CPU.ActiveCfg = Debug|Any CPU
		{268D0603-5A07-4DBC-8AD4-BF0778336854}.Debug|Any CPU.Build.0 = Debug|Any CPU
		{268D0603-5A07-4DBC-8AD4-BF0778336854}.Release|Any CPU.ActiveCfg = Release|Any CPU
		{268D0603-5A07-4DBC-8AD4-BF0778336854}.Release|Any CPU.Build.0 = Release|Any CPU
	EndGlobalSection
	GlobalSection(SolutionProperties) = preSolution
		HideSolutionNode = FALSE
	EndGlobalSection
	GlobalSection(ExtensibilityGlobals) = postSolution
		SolutionGuid = {5F5DD1D7-F234-455C-829E-89EC19FD31A9}
	EndGlobalSection
EndGlobal
